// !$*UTF8*$!
{
	archiveVersion = 1;
	classes = {
	};
	objectVersion = 77;
	objects = {

/* Begin PBXContainerItemProxy section */
		22BE98E72E13D45B006CB3D6 /* PBXContainerItemProxy */ = {
			isa = PBXContainerItemProxy;
			containerPortal = 22BE98D12E13D45A006CB3D6 /* Project object */;
			proxyType = 1;
			remoteGlobalIDString = 22BE98D82E13D45A006CB3D6;
			remoteInfo = "Attendence Dashboard - MyGBU";
		};
		22BE98F12E13D45B006CB3D6 /* PBXContainerItemProxy */ = {
			isa = PBXContainerItemProxy;
			containerPortal = 22BE98D12E13D45A006CB3D6 /* Project object */;
			proxyType = 1;
			remoteGlobalIDString = 22BE98D82E13D45A006CB3D6;
			remoteInfo = "Attendence Dashboard - MyGBU";
		};
/* End PBXContainerItemProxy section */

/* Begin PBXFileReference section */
		22BE98D92E13D45A006CB3D6 /* Attendence Dashboard - MyGBU.app */ = {isa = PBXFileReference; explicitFileType = wrapper.application; includeInIndex = 0; path = "Attendence Dashboard - MyGBU.app"; sourceTree = BUILT_PRODUCTS_DIR; };
		22BE98E62E13D45B006CB3D6 /* Attendence Dashboard - MyGBUTests.xctest */ = {isa = PBXFileReference; explicitFileType = wrapper.cfbundle; includeInIndex = 0; path = "Attendence Dashboard - MyGBUTests.xctest"; sourceTree = BUILT_PRODUCTS_DIR; };
		22BE98F02E13D45B006CB3D6 /* Attendence Dashboard - MyGBUUITests.xctest */ = {isa = PBXFileReference; explicitFileType = wrapper.cfbundle; includeInIndex = 0; path = "Attendence Dashboard - MyGBUUITests.xctest"; sourceTree = BUILT_PRODUCTS_DIR; };
/* End PBXFileReference section */

/* Begin PBXFileSystemSynchronizedRootGroup section */
		22BE98DB2E13D45A006CB3D6 /* Attendence Dashboard - MyGBU */ = {
			isa = PBXFileSystemSynchronizedRootGroup;
			path = "Attendence Dashboard - MyGBU";
			sourceTree = "<group>";
		};
		22BE98E92E13D45B006CB3D6 /* Attendence Dashboard - MyGBUTests */ = {
			isa = PBXFileSystemSynchronizedRootGroup;
			path = "Attendence Dashboard - MyGBUTests";
			sourceTree = "<group>";
		};
		22BE98F32E13D45B006CB3D6 /* Attendence Dashboard - MyGBUUITests */ = {
			isa = PBXFileSystemSynchronizedRootGroup;
			path = "Attendence Dashboard - MyGBUUITests";
			sourceTree = "<group>";
		};
/* End PBXFileSystemSynchronizedRootGroup section */

/* Begin PBXFrameworksBuildPhase section */
		22BE98D62E13D45A006CB3D6 /* Frameworks */ = {
			isa = PBXFrameworksBuildPhase;
			buildActionMask = 2147483647;
			files = (
			);
			runOnlyForDeploymentPostprocessing = 0;
		};
		22BE98E32E13D45B006CB3D6 /* Frameworks */ = {
			isa = PBXFrameworksBuildPhase;
			buildActionMask = 2147483647;
			files = (
			);
			runOnlyForDeploymentPostprocessing = 0;
		};
		22BE98ED2E13D45B006CB3D6 /* Frameworks */ = {
			isa = PBXFrameworksBuildPhase;
			buildActionMask = 2147483647;
			files = (
			);
			runOnlyForDeploymentPostprocessing = 0;
		};
/* End PBXFrameworksBuildPhase section */

/* Begin PBXGroup section */
		22BE98D02E13D45A006CB3D6 = {
			isa = PBXGroup;
			children = (
				22BE98DB2E13D45A006CB3D6 /* Attendence Dashboard - MyGBU */,
				22BE98E92E13D45B006CB3D6 /* Attendence Dashboard - MyGBUTests */,
				22BE98F32E13D45B006CB3D6 /* Attendence Dashboard - MyGBUUITests */,
				22BE98DA2E13D45A006CB3D6 /* Products */,
			);
			sourceTree = "<group>";
		};
		22BE98DA2E13D45A006CB3D6 /* Products */ = {
			isa = PBXGroup;
			children = (
				22BE98D92E13D45A006CB3D6 /* Attendence Dashboard - MyGBU.app */,
				22BE98E62E13D45B006CB3D6 /* Attendence Dashboard - MyGBUTests.xctest */,
				22BE98F02E13D45B006CB3D6 /* Attendence Dashboard - MyGBUUITests.xctest */,
			);
			name = Products;
			sourceTree = "<group>";
		};
/* End PBXGroup section */

/* Begin PBXNativeTarget section */
		22BE98D82E13D45A006CB3D6 /* Attendence Dashboard - MyGBU */ = {
			isa = PBXNativeTarget;
			buildConfigurationList = 22BE98FA2E13D45B006CB3D6 /* Build configuration list for PBXNativeTarget "Attendence Dashboard - MyGBU" */;
			buildPhases = (
				22BE98D52E13D45A006CB3D6 /* Sources */,
				22BE98D62E13D45A006CB3D6 /* Frameworks */,
				22BE98D72E13D45A006CB3D6 /* Resources */,
			);
			buildRules = (
			);
			dependencies = (
			);
			fileSystemSynchronizedGroups = (
				22BE98DB2E13D45A006CB3D6 /* Attendence Dashboard - MyGBU */,
			);
			name = "Attendence Dashboard - MyGBU";
			packageProductDependencies = (
			);
			productName = "Attendence Dashboard - MyGBU";
			productReference = 22BE98D92E13D45A006CB3D6 /* Attendence Dashboard - MyGBU.app */;
			productType = "com.apple.product-type.application";
		};
		22BE98E52E13D45B006CB3D6 /* Attendence Dashboard - MyGBUTests */ = {
			isa = PBXNativeTarget;
			buildConfigurationList = 22BE98FD2E13D45B006CB3D6 /* Build configuration list for PBXNativeTarget "Attendence Dashboard - MyGBUTests" */;
			buildPhases = (
				22BE98E22E13D45B006CB3D6 /* Sources */,
				22BE98E32E13D45B006CB3D6 /* Frameworks */,
				22BE98E42E13D45B006CB3D6 /* Resources */,
			);
			buildRules = (
			);
			dependencies = (
				22BE98E82E13D45B006CB3D6 /* PBXTargetDependency */,
			);
			fileSystemSynchronizedGroups = (
				22BE98E92E13D45B006CB3D6 /* Attendence Dashboard - MyGBUTests */,
			);
			name = "Attendence Dashboard - MyGBUTests";
			packageProductDependencies = (
			);
			productName = "Attendence Dashboard - MyGBUTests";
			productReference = 22BE98E62E13D45B006CB3D6 /* Attendence Dashboard - MyGBUTests.xctest */;
			productType = "com.apple.product-type.bundle.unit-test";
		};
		22BE98EF2E13D45B006CB3D6 /* Attendence Dashboard - MyGBUUITests */ = {
			isa = PBXNativeTarget;
			buildConfigurationList = 22BE99002E13D45B006CB3D6 /* Build configuration list for PBXNativeTarget "Attendence Dashboard - MyGBUUITests" */;
			buildPhases = (
				22BE98EC2E13D45B006CB3D6 /* Sources */,
				22BE98ED2E13D45B006CB3D6 /* Frameworks */,
				22BE98EE2E13D45B006CB3D6 /* Resources */,
			);
			buildRules = (
			);
			dependencies = (
				22BE98F22E13D45B006CB3D6 /* PBXTargetDependency */,
			);
			fileSystemSynchronizedGroups = (
				22BE98F32E13D45B006CB3D6 /* Attendence Dashboard - MyGBUUITests */,
			);
			name = "Attendence Dashboard - MyGBUUITests";
			packageProductDependencies = (
			);
			productName = "Attendence Dashboard - MyGBUUITests";
			productReference = 22BE98F02E13D45B006CB3D6 /* Attendence Dashboard - MyGBUUITests.xctest */;
			productType = "com.apple.product-type.bundle.ui-testing";
		};
/* End PBXNativeTarget section */

/* Begin PBXProject section */
		22BE98D12E13D45A006CB3D6 /* Project object */ = {
			isa = PBXProject;
			attributes = {
				BuildIndependentTargetsInParallel = 1;
				LastSwiftUpdateCheck = 1640;
				LastUpgradeCheck = 1640;
				TargetAttributes = {
					22BE98D82E13D45A006CB3D6 = {
						CreatedOnToolsVersion = 16.4;
					};
					22BE98E52E13D45B006CB3D6 = {
						CreatedOnToolsVersion = 16.4;
						TestTargetID = 22BE98D82E13D45A006CB3D6;
					};
					22BE98EF2E13D45B006CB3D6 = {
						CreatedOnToolsVersion = 16.4;
						TestTargetID = 22BE98D82E13D45A006CB3D6;
					};
				};
			};
			buildConfigurationList = 22BE98D42E13D45A006CB3D6 /* Build configuration list for PBXProject "Attendence Dashboard - MyGBU" */;
			developmentRegion = en;
			hasScannedForEncodings = 0;
			knownRegions = (
				en,
				Base,
			);
			mainGroup = 22BE98D02E13D45A006CB3D6;
			minimizedProjectReferenceProxies = 1;
			preferredProjectObjectVersion = 77;
			productRefGroup = 22BE98DA2E13D45A006CB3D6 /* Products */;
			projectDirPath = "";
			projectRoot = "";
			targets = (
				22BE98D82E13D45A006CB3D6 /* Attendence Dashboard - MyGBU */,
				22BE98E52E13D45B006CB3D6 /* Attendence Dashboard - MyGBUTests */,
				22BE98EF2E13D45B006CB3D6 /* Attendence Dashboard - MyGBUUITests */,
			);
		};
/* End PBXProject section */

/* Begin PBXResourcesBuildPhase section */
		22BE98D72E13D45A006CB3D6 /* Resources */ = {
			isa = PBXResourcesBuildPhase;
			buildActionMask = 2147483647;
			files = (
			);
			runOnlyForDeploymentPostprocessing = 0;
		};
		22BE98E42E13D45B006CB3D6 /* Resources */ = {
			isa = PBXResourcesBuildPhase;
			buildActionMask = 2147483647;
			files = (
			);
			runOnlyForDeploymentPostprocessing = 0;
		};
		22BE98EE2E13D45B006CB3D6 /* Resources */ = {
			isa = PBXResourcesBuildPhase;
			buildActionMask = 2147483647;
			files = (
			);
			runOnlyForDeploymentPostprocessing = 0;
		};
/* End PBXResourcesBuildPhase section */

/* Begin PBXSourcesBuildPhase section */
		22BE98D52E13D45A006CB3D6 /* Sources */ = {
			isa = PBXSourcesBuildPhase;
			buildActionMask = 2147483647;
			files = (
			);
			runOnlyForDeploymentPostprocessing = 0;
		};
		22BE98E22E13D45B006CB3D6 /* Sources */ = {
			isa = PBXSourcesBuildPhase;
			buildActionMask = 2147483647;
			files = (
			);
			runOnlyForDeploymentPostprocessing = 0;
		};
		22BE98EC2E13D45B006CB3D6 /* Sources */ = {
			isa = PBXSourcesBuildPhase;
			buildActionMask = 2147483647;
			files = (
			);
			runOnlyForDeploymentPostprocessing = 0;
		};
/* End PBXSourcesBuildPhase section */

/* Begin PBXTargetDependency section */
		22BE98E82E13D45B006CB3D6 /* PBXTargetDependency */ = {
			isa = PBXTargetDependency;
			target = 22BE98D82E13D45A006CB3D6 /* Attendence Dashboard - MyGBU */;
			targetProxy = 22BE98E72E13D45B006CB3D6 /* PBXContainerItemProxy */;
		};
		22BE98F22E13D45B006CB3D6 /* PBXTargetDependency */ = {
			isa = PBXTargetDependency;
			target = 22BE98D82E13D45A006CB3D6 /* Attendence Dashboard - MyGBU */;
			targetProxy = 22BE98F12E13D45B006CB3D6 /* PBXContainerItemProxy */;
		};
/* End PBXTargetDependency section */

/* Begin XCBuildConfiguration section */
		22BE98F82E13D45B006CB3D6 /* Debug */ = {
			isa = XCBuildConfiguration;
			buildSettings = {
				ALWAYS_SEARCH_USER_PATHS = NO;
				ASSETCATALOG_COMPILER_GENERATE_SWIFT_ASSET_SYMBOL_EXTENSIONS = YES;
				CLANG_ANALYZER_NONNULL = YES;
				CLANG_ANALYZER_NUMBER_OBJECT_CONVERSION = YES_AGGRESSIVE;
				CLANG_CXX_LANGUAGE_STANDARD = "gnu++20";
				CLANG_ENABLE_MODULES = YES;
				CLANG_ENABLE_OBJC_ARC = YES;
				CLANG_ENABLE_OBJC_WEAK = YES;
				CLANG_WARN_BLOCK_CAPTURE_AUTORELEASING = YES;
				CLANG_WARN_BOOL_CONVERSION = YES;
				CLANG_WARN_COMMA = YES;
				CLANG_WARN_CONSTANT_CONVERSION = YES;
				CLANG_WARN_DEPRECATED_OBJC_IMPLEMENTATIONS = YES;
				CLANG_WARN_DIRECT_OBJC_ISA_USAGE = YES_ERROR;
				CLANG_WARN_DOCUMENTATION_COMMENTS = YES;
				CLANG_WARN_EMPTY_BODY = YES;
				CLANG_WARN_ENUM_CONVERSION = YES;
				CLANG_WARN_INFINITE_RECURSION = YES;
				CLANG_WARN_INT_CONVERSION = YES;
				CLANG_WARN_NON_LITERAL_NULL_CONVERSION = YES;
				CLANG_WARN_OBJC_IMPLICIT_RETAIN_SELF = YES;
				CLANG_WARN_OBJC_LITERAL_CONVERSION = YES;
				CLANG_WARN_OBJC_ROOT_CLASS = YES_ERROR;
				CLANG_WARN_QUOTED_INCLUDE_IN_FRAMEWORK_HEADER = YES;
				CLANG_WARN_RANGE_LOOP_ANALYSIS = YES;
				CLANG_WARN_STRICT_PROTOTYPES = YES;
				CLANG_WARN_SUSPICIOUS_MOVE = YES;
				CLANG_WARN_UNGUARDED_AVAILABILITY = YES_AGGRESSIVE;
				CLANG_WARN_UNREACHABLE_CODE = YES;
				CLANG_WARN__DUPLICATE_METHOD_MATCH = YES;
				COPY_PHASE_STRIP = NO;
				DEBUG_INFORMATION_FORMAT = dwarf;
				ENABLE_STRICT_OBJC_MSGSEND = YES;
				ENABLE_TESTABILITY = YES;
				ENABLE_USER_SCRIPT_SANDBOXING = YES;
				GCC_C_LANGUAGE_STANDARD = gnu17;
				GCC_DYNAMIC_NO_PIC = NO;
				GCC_NO_COMMON_BLOCKS = YES;
				GCC_OPTIMIZATION_LEVEL = 0;
				GCC_PREPROCESSOR_DEFINITIONS = (
					"DEBUG=1",
					"$(inherited)",
				);
				GCC_WARN_64_TO_32_BIT_CONVERSION = YES;
				GCC_WARN_ABOUT_RETURN_TYPE = YES_ERROR;
				GCC_WARN_UNDECLARED_SELECTOR = YES;
				GCC_WARN_UNINITIALIZED_AUTOS = YES_AGGRESSIVE;
				GCC_WARN_UNUSED_FUNCTION = YES;
				GCC_WARN_UNUSED_VARIABLE = YES;
				IPHONEOS_DEPLOYMENT_TARGET = 18.5;
				LOCALIZATION_PREFERS_STRING_CATALOGS = YES;
				MTL_ENABLE_DEBUG_INFO = INCLUDE_SOURCE;
				MTL_FAST_MATH = YES;
				ONLY_ACTIVE_ARCH = YES;
				SDKROOT = iphoneos;
				SWIFT_ACTIVE_COMPILATION_CONDITIONS = "DEBUG $(inherited)";
				SWIFT_OPTIMIZATION_LEVEL = "-Onone";
			};
			name = Debug;
		};
		22BE98F92E13D45B006CB3D6 /* Release */ = {
			isa = XCBuildConfiguration;
			buildSettings = {
				ALWAYS_SEARCH_USER_PATHS = NO;
				ASSETCATALOG_COMPILER_GENERATE_SWIFT_ASSET_SYMBOL_EXTENSIONS = YES;
				CLANG_ANALYZER_NONNULL = YES;
				CLANG_ANALYZER_NUMBER_OBJECT_CONVERSION = YES_AGGRESSIVE;
				CLANG_CXX_LANGUAGE_STANDARD = "gnu++20";
				CLANG_ENABLE_MODULES = YES;
				CLANG_ENABLE_OBJC_ARC = YES;
				CLANG_ENABLE_OBJC_WEAK = YES;
				CLANG_WARN_BLOCK_CAPTURE_AUTORELEASING = YES;
				CLANG_WARN_BOOL_CONVERSION = YES;
				CLANG_WARN_COMMA = YES;
				CLANG_WARN_CONSTANT_CONVERSION = YES;
				CLANG_WARN_DEPRECATED_OBJC_IMPLEMENTATIONS = YES;
				CLANG_WARN_DIRECT_OBJC_ISA_USAGE = YES_ERROR;
				CLANG_WARN_DOCUMENTATION_COMMENTS = YES;
				CLANG_WARN_EMPTY_BODY = YES;
				CLANG_WARN_ENUM_CONVERSION = YES;
				CLANG_WARN_INFINITE_RECURSION = YES;
				CLANG_WARN_INT_CONVERSION = YES;
				CLANG_WARN_NON_LITERAL_NULL_CONVERSION = YES;
				CLANG_WARN_OBJC_IMPLICIT_RETAIN_SELF = YES;
				CLANG_WARN_OBJC_LITERAL_CONVERSION = YES;
				CLANG_WARN_OBJC_ROOT_CLASS = YES_ERROR;
				CLANG_WARN_QUOTED_INCLUDE_IN_FRAMEWORK_HEADER = YES;
				CLANG_WARN_RANGE_LOOP_ANALYSIS = YES;
				CLANG_WARN_STRICT_PROTOTYPES = YES;
				CLANG_WARN_SUSPICIOUS_MOVE = YES;
				CLANG_WARN_UNGUARDED_AVAILABILITY = YES_AGGRESSIVE;
				CLANG_WARN_UNREACHABLE_CODE = YES;
				CLANG_WARN__DUPLICATE_METHOD_MATCH = YES;
				COPY_PHASE_STRIP = NO;
				DEBUG_INFORMATION_FORMAT = "dwarf-with-dsym";
				ENABLE_NS_ASSERTIONS = NO;
				ENABLE_STRICT_OBJC_MSGSEND = YES;
				ENABLE_USER_SCRIPT_SANDBOXING = YES;
				GCC_C_LANGUAGE_STANDARD = gnu17;
				GCC_NO_COMMON_BLOCKS = YES;
				GCC_WARN_64_TO_32_BIT_CONVERSION = YES;
				GCC_WARN_ABOUT_RETURN_TYPE = YES_ERROR;
				GCC_WARN_UNDECLARED_SELECTOR = YES;
				GCC_WARN_UNINITIALIZED_AUTOS = YES_AGGRESSIVE;
				GCC_WARN_UNUSED_FUNCTION = YES;
				GCC_WARN_UNUSED_VARIABLE = YES;
				IPHONEOS_DEPLOYMENT_TARGET = 18.5;
				LOCALIZATION_PREFERS_STRING_CATALOGS = YES;
				MTL_ENABLE_DEBUG_INFO = NO;
				MTL_FAST_MATH = YES;
				SDKROOT = iphoneos;
				SWIFT_COMPILATION_MODE = wholemodule;
				VALIDATE_PRODUCT = YES;
			};
			name = Release;
		};
		22BE98FB2E13D45B006CB3D6 /* Debug */ = {
			isa = XCBuildConfiguration;
			buildSettings = {
				ASSETCATALOG_COMPILER_APPICON_NAME = AppIcon;
				ASSETCATALOG_COMPILER_GLOBAL_ACCENT_COLOR_NAME = AccentColor;
				CODE_SIGN_STYLE = Automatic;
				CURRENT_PROJECT_VERSION = 1;
				ENABLE_PREVIEWS = YES;
				GENERATE_INFOPLIST_FILE = YES;
				INFOPLIST_KEY_UIApplicationSceneManifest_Generation = YES;
				INFOPLIST_KEY_UIApplicationSupportsIndirectInputEvents = YES;
				INFOPLIST_KEY_UILaunchScreen_Generation = YES;
				INFOPLIST_KEY_UISupportedInterfaceOrientations_iPad = "UIInterfaceOrientationPortrait UIInterfaceOrientationPortraitUpsideDown UIInterfaceOrientationLandscapeLeft UIInterfaceOrientationLandscapeRight";
				INFOPLIST_KEY_UISupportedInterfaceOrientations_iPhone = "UIInterfaceOrientationPortrait UIInterfaceOrientationLandscapeLeft UIInterfaceOrientationLandscapeRight";
				LD_RUNPATH_SEARCH_PATHS = (
					"$(inherited)",
					"@executable_path/Frameworks",
				);
				MARKETING_VERSION = 1.0;
				PRODUCT_BUNDLE_IDENTIFIER = "vaibhav.Attendence-Dashboard---MyGBU";
				PRODUCT_NAME = "$(TARGET_NAME)";
				SWIFT_EMIT_LOC_STRINGS = YES;
				SWIFT_VERSION = 5.0;
				TARGETED_DEVICE_FAMILY = "1,2";
			};
			name = Debug;
		};
		22BE98FC2E13D45B006CB3D6 /* Release */ = {
			isa = XCBuildConfiguration;
			buildSettings = {
				ASSETCATALOG_COMPILER_APPICON_NAME = AppIcon;
				ASSETCATALOG_COMPILER_GLOBAL_ACCENT_COLOR_NAME = AccentColor;
				CODE_SIGN_STYLE = Automatic;
				CURRENT_PROJECT_VERSION = 1;
				ENABLE_PREVIEWS = YES;
				GENERATE_INFOPLIST_FILE = YES;
				INFOPLIST_KEY_UIApplicationSceneManifest_Generation = YES;
				INFOPLIST_KEY_UIApplicationSupportsIndirectInputEvents = YES;
				INFOPLIST_KEY_UILaunchScreen_Generation = YES;
				INFOPLIST_KEY_UISupportedInterfaceOrientations_iPad = "UIInterfaceOrientationPortrait UIInterfaceOrientationPortraitUpsideDown UIInterfaceOrientationLandscapeLeft UIInterfaceOrientationLandscapeRight";
				INFOPLIST_KEY_UISupportedInterfaceOrientations_iPhone = "UIInterfaceOrientationPortrait UIInterfaceOrientationLandscapeLeft UIInterfaceOrientationLandscapeRight";
				LD_RUNPATH_SEARCH_PATHS = (
					"$(inherited)",
					"@executable_path/Frameworks",
				);
				MARKETING_VERSION = 1.0;
				PRODUCT_BUNDLE_IDENTIFIER = "vaibhav.Attendence-Dashboard---MyGBU";
				PRODUCT_NAME = "$(TARGET_NAME)";
				SWIFT_EMIT_LOC_STRINGS = YES;
				SWIFT_VERSION = 5.0;
				TARGETED_DEVICE_FAMILY = "1,2";
			};
			name = Release;
		};
		22BE98FE2E13D45B006CB3D6 /* Debug */ = {
			isa = XCBuildConfiguration;
			buildSettings = {
				BUNDLE_LOADER = "$(TEST_HOST)";
				CODE_SIGN_STYLE = Automatic;
				CURRENT_PROJECT_VERSION = 1;
				GENERATE_INFOPLIST_FILE = YES;
				IPHONEOS_DEPLOYMENT_TARGET = 18.5;
				MARKETING_VERSION = 1.0;
				PRODUCT_BUNDLE_IDENTIFIER = "vaibhav.Attendence-Dashboard---MyGBUTests";
				PRODUCT_NAME = "$(TARGET_NAME)";
				SWIFT_EMIT_LOC_STRINGS = NO;
				SWIFT_VERSION = 5.0;
				TARGETED_DEVICE_FAMILY = "1,2";
				TEST_HOST = "$(BUILT_PRODUCTS_DIR)/Attendence Dashboard - MyGBU.app/$(BUNDLE_EXECUTABLE_FOLDER_PATH)/Attendence Dashboard - MyGBU";
			};
			name = Debug;
		};
		22BE98FF2E13D45B006CB3D6 /* Release */ = {
			isa = XCBuildConfiguration;
			buildSettings = {
				BUNDLE_LOADER = "$(TEST_HOST)";
				CODE_SIGN_STYLE = Automatic;
				CURRENT_PROJECT_VERSION = 1;
				GENERATE_INFOPLIST_FILE = YES;
				IPHONEOS_DEPLOYMENT_TARGET = 18.5;
				MARKETING_VERSION = 1.0;
				PRODUCT_BUNDLE_IDENTIFIER = "vaibhav.Attendence-Dashboard---MyGBUTests";
				PRODUCT_NAME = "$(TARGET_NAME)";
				SWIFT_EMIT_LOC_STRINGS = NO;
				SWIFT_VERSION = 5.0;
				TARGETED_DEVICE_FAMILY = "1,2";
				TEST_HOST = "$(BUILT_PRODUCTS_DIR)/Attendence Dashboard - MyGBU.app/$(BUNDLE_EXECUTABLE_FOLDER_PATH)/Attendence Dashboard - MyGBU";
			};
			name = Release;
		};
		22BE99012E13D45B006CB3D6 /* Debug */ = {
			isa = XCBuildConfiguration;
			buildSettings = {
				CODE_SIGN_STYLE = Automatic;
				CURRENT_PROJECT_VERSION = 1;
				GENERATE_INFOPLIST_FILE = YES;
				MARKETING_VERSION = 1.0;
				PRODUCT_BUNDLE_IDENTIFIER = "vaibhav.Attendence-Dashboard---MyGBUUITests";
				PRODUCT_NAME = "$(TARGET_NAME)";
				SWIFT_EMIT_LOC_STRINGS = NO;
				SWIFT_VERSION = 5.0;
				TARGETED_DEVICE_FAMILY = "1,2";
				TEST_TARGET_NAME = "Attendence Dashboard - MyGBU";
			};
			name = Debug;
		};
		22BE99022E13D45B006CB3D6 /* Release */ = {
			isa = XCBuildConfiguration;
			buildSettings = {
				CODE_SIGN_STYLE = Automatic;
				CURRENT_PROJECT_VERSION = 1;
				GENERATE_INFOPLIST_FILE = YES;
				MARKETING_VERSION = 1.0;
				PRODUCT_BUNDLE_IDENTIFIER = "vaibhav.Attendence-Dashboard---MyGBUUITests";
				PRODUCT_NAME = "$(TARGET_NAME)";
				SWIFT_EMIT_LOC_STRINGS = NO;
				SWIFT_VERSION = 5.0;
				TARGETED_DEVICE_FAMILY = "1,2";
				TEST_TARGET_NAME = "Attendence Dashboard - MyGBU";
			};
			name = Release;
		};
/* End XCBuildConfiguration section */

/* Begin XCConfigurationList section */
		22BE98D42E13D45A006CB3D6 /* Build configuration list for PBXProject "Attendence Dashboard - MyGBU" */ = {
			isa = XCConfigurationList;
			buildConfigurations = (
				22BE98F82E13D45B006CB3D6 /* Debug */,
				22BE98F92E13D45B006CB3D6 /* Release */,
			);
			defaultConfigurationIsVisible = 0;
			defaultConfigurationName = Release;
		};
		22BE98FA2E13D45B006CB3D6 /* Build configuration list for PBXNativeTarget "Attendence Dashboard - MyGBU" */ = {
			isa = XCConfigurationList;
			buildConfigurations = (
				22BE98FB2E13D45B006CB3D6 /* Debug */,
				22BE98FC2E13D45B006CB3D6 /* Release */,
			);
			defaultConfigurationIsVisible = 0;
			defaultConfigurationName = Release;
		};
		22BE98FD2E13D45B006CB3D6 /* Build configuration list for PBXNativeTarget "Attendence Dashboard - MyGBUTests" */ = {
			isa = XCConfigurationList;
			buildConfigurations = (
				22BE98FE2E13D45B006CB3D6 /* Debug */,
				22BE98FF2E13D45B006CB3D6 /* Release */,
			);
			defaultConfigurationIsVisible = 0;
			defaultConfigurationName = Release;
		};
		22BE99002E13D45B006CB3D6 /* Build configuration list for PBXNativeTarget "Attendence Dashboard - MyGBUUITests" */ = {
			isa = XCConfigurationList;
			buildConfigurations = (
				22BE99012E13D45B006CB3D6 /* Debug */,
				22BE99022E13D45B006CB3D6 /* Release */,
			);
			defaultConfigurationIsVisible = 0;
			defaultConfigurationName = Release;
		};
/* End XCConfigurationList section */
	};
	rootObject = 22BE98D12E13D45A006CB3D6 /* Project object */;
}
